
Microsoft Visual Studio Solution File, Format Version 12.00
# Visual Studio Version 17
VisualStudioVersion = 17.9.34728.123
MinimumVisualStudioVersion = 10.0.40219.1
Project("{FAE04EC0-301F-11D3-BF4B-00C04F79EFBC}") = "HRMSJwtWebApi3Withdotnet7", "HRMSJwtWebApi3Withdotnet7\HRMSJwtWebApi3Withdotnet7.csproj", "{10AC3EE6-93ED-42D3-9CC1-D71CDCE36338}"
EndProject
Global
	GlobalSection(SolutionConfigurationPlatforms) = preSolution
		Debug|Any CPU = Debug|Any CPU
		Release|Any CPU = Release|Any CPU
	EndGlobalSection
	GlobalSection(ProjectConfigurationPlatforms) = postSolution
		{10AC3EE6-93ED-42D3-9CC1-D71CDCE36338}.Debug|Any CPU.ActiveCfg = Debug|Any CPU
		{10AC3EE6-93ED-42D3-9CC1-D71CDCE36338}.Debug|Any CPU.Build.0 = Debug|Any CPU
		{10AC3EE6-93ED-42D3-9CC1-D71CDCE36338}.Release|Any CPU.ActiveCfg = Release|Any CPU
		{10AC3EE6-93ED-42D3-9CC1-D71CDCE36338}.Release|Any CPU.Build.0 = Release|Any CPU
	EndGlobalSection
	GlobalSection(SolutionProperties) = preSolution
		HideSolutionNode = FALSE
	EndGlobalSection
	GlobalSection(ExtensibilityGlobals) = postSolution
		SolutionGuid = {B04D3BB9-7AD7-4051-B933-1D552750B25E}
	EndGlobalSection
EndGlobal
